// !$*UTF8*$!
{
	archiveVersion = 1;
	classes = {
	};
	objectVersion = 46;
	objects = {

/* Begin PBXBuildFile section */
		18AFEEDD1F024D51004D1177 /* AppDelegate.swift in Sources */ = {isa = PBXBuildFile; fileRef = 18AFEEDC1F024D51004D1177 /* AppDelegate.swift */; };
		18AFEEDF1F024D51004D1177 /* ViewController.swift in Sources */ = {isa = PBXBuildFile; fileRef = 18AFEEDE1F024D51004D1177 /* ViewController.swift */; };
		18AFEEE21F024D51004D1177 /* Main.storyboard in Resources */ = {isa = PBXBuildFile; fileRef = 18AFEEE01F024D51004D1177 /* Main.storyboard */; };
		18AFEEE41F024D51004D1177 /* Assets.xcassets in Resources */ = {isa = PBXBuildFile; fileRef = 18AFEEE31F024D51004D1177 /* Assets.xcassets */; };
		18AFEEE71F024D51004D1177 /* LaunchScreen.storyboard in Resources */ = {isa = PBXBuildFile; fileRef = 18AFEEE51F024D51004D1177 /* LaunchScreen.storyboard */; };
		18AFEEEF1F025041004D1177 /* MyCustomCalendarCell.swift in Sources */ = {isa = PBXBuildFile; fileRef = 18AFEEEE1F025041004D1177 /* MyCustomCalendarCell.swift */; };
		A59378145D3DCBA779F0A8A1 /* Pods_HorizontalCalender.framework in Frameworks */ = {isa = PBXBuildFile; fileRef = FB5D0E57D31E4F3FDE7CAEB1 /* Pods_HorizontalCalender.framework */; };
/* End PBXBuildFile section */

/* Begin PBXFileReference section */
		13B8F1BFD2619B782106A781 /* Pods-HorizontalCalender.debug.xcconfig */ = {isa = PBXFileReference; includeInIndex = 1; lastKnownFileType = text.xcconfig; name = "Pods-HorizontalCalender.debug.xcconfig"; path = "Pods/Target Support Files/Pods-HorizontalCalender/Pods-HorizontalCalender.debug.xcconfig"; sourceTree = "<group>"; };
		18AFEED91F024D51004D1177 /* HorizontalCalender.app */ = {isa = PBXFileReference; explicitFileType = wrapper.application; includeInIndex = 0; path = HorizontalCalender.app; sourceTree = BUILT_PRODUCTS_DIR; };
		18AFEEDC1F024D51004D1177 /* AppDelegate.swift */ = {isa = PBXFileReference; lastKnownFileType = sourcecode.swift; path = AppDelegate.swift; sourceTree = "<group>"; };
		18AFEEDE1F024D51004D1177 /* ViewController.swift */ = {isa = PBXFileReference; lastKnownFileType = sourcecode.swift; path = ViewController.swift; sourceTree = "<group>"; };
		18AFEEE11F024D51004D1177 /* Base */ = {isa = PBXFileReference; lastKnownFileType = file.storyboard; name = Base; path = Base.lproj/Main.storyboard; sourceTree = "<group>"; };
		18AFEEE31F024D51004D1177 /* Assets.xcassets */ = {isa = PBXFileReference; lastKnownFileType = folder.assetcatalog; path = Assets.xcassets; sourceTree = "<group>"; };
		18AFEEE61F024D51004D1177 /* Base */ = {isa = PBXFileReference; lastKnownFileType = file.storyboard; name = Base; path = Base.lproj/LaunchScreen.storyboard; sourceTree = "<group>"; };
		18AFEEE81F024D51004D1177 /* Info.plist */ = {isa = PBXFileReference; lastKnownFileType = text.plist.xml; path = Info.plist; sourceTree = "<group>"; };
		18AFEEEE1F025041004D1177 /* MyCustomCalendarCell.swift */ = {isa = PBXFileReference; fileEncoding = 4; lastKnownFileType = sourcecode.swift; path = MyCustomCalendarCell.swift; sourceTree = "<group>"; };
		896B5A815D4E2C23706C9354 /* Pods-HorizontalCalender.release.xcconfig */ = {isa = PBXFileReference; includeInIndex = 1; lastKnownFileType = text.xcconfig; name = "Pods-HorizontalCalender.release.xcconfig"; path = "Pods/Target Support Files/Pods-HorizontalCalender/Pods-HorizontalCalender.release.xcconfig"; sourceTree = "<group>"; };
		FB5D0E57D31E4F3FDE7CAEB1 /* Pods_HorizontalCalender.framework */ = {isa = PBXFileReference; explicitFileType = wrapper.framework; includeInIndex = 0; path = Pods_HorizontalCalender.framework; sourceTree = BUILT_PRODUCTS_DIR; };
/* End PBXFileReference section */

/* Begin PBXFrameworksBuildPhase section */
		18AFEED61F024D51004D1177 /* Frameworks */ = {
			isa = PBXFrameworksBuildPhase;
			buildActionMask = 2147483647;
			files = (
				A59378145D3DCBA779F0A8A1 /* Pods_HorizontalCalender.framework in Frameworks */,
			);
			runOnlyForDeploymentPostprocessing = 0;
		};
/* End PBXFrameworksBuildPhase section */

/* Begin PBXGroup section */
		18AFEED01F024D51004D1177 = {
			isa = PBXGroup;
			children = (
				18AFEEDB1F024D51004D1177 /* HorizontalCalender */,
				18AFEEDA1F024D51004D1177 /* Products */,
				9CB893CEE0431E6FE7B661DF /* Pods */,
				F4C63173AB766E35C994E481 /* Frameworks */,
			);
			sourceTree = "<group>";
		};
		18AFEEDA1F024D51004D1177 /* Products */ = {
			isa = PBXGroup;
			children = (
				18AFEED91F024D51004D1177 /* HorizontalCalender.app */,
			);
			name = Products;
			sourceTree = "<group>";
		};
		18AFEEDB1F024D51004D1177 /* HorizontalCalender */ = {
			isa = PBXGroup;
			children = (
				18AFEEEE1F025041004D1177 /* MyCustomCalendarCell.swift */,
				18AFEEDC1F024D51004D1177 /* AppDelegate.swift */,
				18AFEEDE1F024D51004D1177 /* ViewController.swift */,
				18AFEEE01F024D51004D1177 /* Main.storyboard */,
				18AFEEE31F024D51004D1177 /* Assets.xcassets */,
				18AFEEE51F024D51004D1177 /* LaunchScreen.storyboard */,
				18AFEEE81F024D51004D1177 /* Info.plist */,
			);
			path = HorizontalCalender;
			sourceTree = "<group>";
		};
		9CB893CEE0431E6FE7B661DF /* Pods */ = {
			isa = PBXGroup;
			children = (
				13B8F1BFD2619B782106A781 /* Pods-HorizontalCalender.debug.xcconfig */,
				896B5A815D4E2C23706C9354 /* Pods-HorizontalCalender.release.xcconfig */,
			);
			name = Pods;
			sourceTree = "<group>";
		};
		F4C63173AB766E35C994E481 /* Frameworks */ = {
			isa = PBXGroup;
			children = (
				FB5D0E57D31E4F3FDE7CAEB1 /* Pods_HorizontalCalender.framework */,
			);
			name = Frameworks;
			sourceTree = "<group>";
		};
/* End PBXGroup section */

/* Begin PBXNativeTarget section */
		18AFEED81F024D51004D1177 /* HorizontalCalender */ = {
			isa = PBXNativeTarget;
			buildConfigurationList = 18AFEEEB1F024D51004D1177 /* Build configuration list for PBXNativeTarget "HorizontalCalender" */;
			buildPhases = (
				15B6292DD0D319C5B95FF91C /* [CP] Check Pods Manifest.lock */,
				18AFEED51F024D51004D1177 /* Sources */,
				18AFEED61F024D51004D1177 /* Frameworks */,
				18AFEED71F024D51004D1177 /* Resources */,
				8D728131BCA1837F1F0D3D6A /* [CP] Embed Pods Frameworks */,
				620FD66D07C8A11620B42341 /* [CP] Copy Pods Resources */,
			);
			buildRules = (
			);
			dependencies = (
			);
			name = HorizontalCalender;
			productName = HorizontalCalender;
			productReference = 18AFEED91F024D51004D1177 /* HorizontalCalender.app */;
			productType = "com.apple.product-type.application";
		};
/* End PBXNativeTarget section */

/* Begin PBXProject section */
		18AFEED11F024D51004D1177 /* Project object */ = {
			isa = PBXProject;
			attributes = {
				LastSwiftUpdateCheck = 0830;
				LastUpgradeCheck = 0830;
				ORGANIZATIONNAME = apple;
				TargetAttributes = {
					18AFEED81F024D51004D1177 = {
						CreatedOnToolsVersion = 8.3.2;
						ProvisioningStyle = Automatic;
					};
				};
			};
			buildConfigurationList = 18AFEED41F024D51004D1177 /* Build configuration list for PBXProject "HorizontalCalender" */;
			compatibilityVersion = "Xcode 3.2";
			developmentRegion = English;
			hasScannedForEncodings = 0;
			knownRegions = (
				en,
				Base,
			);
			mainGroup = 18AFEED01F024D51004D1177;
			productRefGroup = 18AFEEDA1F024D51004D1177 /* Products */;
			projectDirPath = "";
			projectRoot = "";
			targets = (
				18AFEED81F024D51004D1177 /* HorizontalCalender */,
			);
		};
/* End PBXProject section */

/* Begin PBXResourcesBuildPhase section */
		18AFEED71F024D51004D1177 /* Resources */ = {
			isa = PBXResourcesBuildPhase;
			buildActionMask = 2147483647;
			files = (
				18AFEEE71F024D51004D1177 /* LaunchScreen.storyboard in Resources */,
				18AFEEE41F024D51004D1177 /* Assets.xcassets in Resources */,
				18AFEEE21F024D51004D1177 /* Main.storyboard in Resources */,
			);
			runOnlyForDeploymentPostprocessing = 0;
		};
/* End PBXResourcesBuildPhase section */

/* Begin PBXShellScriptBuildPhase section */
		15B6292DD0D319C5B95FF91C /* [CP] Check Pods Manifest.lock */ = {
			isa = PBXShellScriptBuildPhase;
			buildActionMask = 2147483647;
			files = (
			);
			inputPaths = (
			);
			name = "[CP] Check Pods Manifest.lock";
			outputPaths = (
			);
			runOnlyForDeploymentPostprocessing = 0;
			shellPath = /bin/sh;
			shellScript = "diff \"${PODS_PODFILE_DIR_PATH}/Podfile.lock\" \"${PODS_ROOT}/Manifest.lock\" > /dev/null\nif [ $? != 0 ] ; then\n    # print error to STDERR\n    echo \"error: The sandbox is not in sync with the Podfile.lock. Run 'pod install' or update your CocoaPods installation.\" >&2\n    exit 1\nfi\n";
			showEnvVarsInLog = 0;
		};
		620FD66D07C8A11620B42341 /* [CP] Copy Pods Resources */ = {
			isa = PBXShellScriptBuildPhase;
			buildActionMask = 2147483647;
			files = (
			);
			inputPaths = (
			);
			name = "[CP] Copy Pods Resources";
			outputPaths = (
			);
			runOnlyForDeploymentPostprocessing = 0;
			shellPath = /bin/sh;
			shellScript = "\"${SRCROOT}/Pods/Target Support Files/Pods-HorizontalCalender/Pods-HorizontalCalender-resources.sh\"\n";
			showEnvVarsInLog = 0;
		};
		8D728131BCA1837F1F0D3D6A /* [CP] Embed Pods Frameworks */ = {
			isa = PBXShellScriptBuildPhase;
			buildActionMask = 2147483647;
			files = (
			);
			inputPaths = (
			);
			name = "[CP] Embed Pods Frameworks";
			outputPaths = (
			);
			runOnlyForDeploymentPostprocessing = 0;
			shellPath = /bin/sh;
			shellScript = "\"${SRCROOT}/Pods/Target Support Files/Pods-HorizontalCalender/Pods-HorizontalCalender-frameworks.sh\"\n";
			showEnvVarsInLog = 0;
		};
/* End PBXShellScriptBuildPhase section */

/* Begin PBXSourcesBuildPhase section */
		18AFEED51F024D51004D1177 /* Sources */ = {
			isa = PBXSourcesBuildPhase;
			buildActionMask = 2147483647;
			files = (
				18AFEEEF1F025041004D1177 /* MyCustomCalendarCell.swift in Sources */,
				18AFEEDF1F024D51004D1177 /* ViewController.swift in Sources */,
				18AFEEDD1F024D51004D1177 /* AppDelegate.swift in Sources */,
			);
			runOnlyForDeploymentPostprocessing = 0;
		};
/* End PBXSourcesBuildPhase section */

/* Begin PBXVariantGroup section */
		18AFEEE01F024D51004D1177 /* Main.storyboard */ = {
			isa = PBXVariantGroup;
			children = (
				18AFEEE11F024D51004D1177 /* Base */,
			);
			name = Main.storyboard;
			sourceTree = "<group>";
		};
		18AFEEE51F024D51004D1177 /* LaunchScreen.storyboard */ = {
			isa = PBXVariantGroup;
			children = (
				18AFEEE61F024D51004D1177 /* Base */,
			);
			name = LaunchScreen.storyboard;
			sourceTree = "<group>";
		};
/* End PBXVariantGroup section */

/* Begin XCBuildConfiguration section */
		18AFEEE91F024D51004D1177 /* Debug */ = {
			isa = XCBuildConfiguration;
			buildSettings = {
				ALWAYS_SEARCH_USER_PATHS = NO;
				CLANG_ANALYZER_NONNULL = YES;
				CLANG_ANALYZER_NUMBER_OBJECT_CONVERSION = YES_AGGRESSIVE;
				CLANG_CXX_LANGUAGE_STANDARD = "gnu++0x";
				CLANG_CXX_LIBRARY = "libc++";
				CLANG_ENABLE_MODULES = YES;
				CLANG_ENABLE_OBJC_ARC = YES;
				CLANG_WARN_BOOL_CONVERSION = YES;
				CLANG_WARN_CONSTANT_CONVERSION = YES;
				CLANG_WARN_DIRECT_OBJC_ISA_USAGE = YES_ERROR;
				CLANG_WARN_DOCUMENTATION_COMMENTS = YES;
				CLANG_WARN_EMPTY_BODY = YES;
				CLANG_WARN_ENUM_CONVERSION = YES;
				CLANG_WARN_INFINITE_RECURSION = YES;
				CLANG_WARN_INT_CONVERSION = YES;
				CLANG_WARN_OBJC_ROOT_CLASS = YES_ERROR;
				CLANG_WARN_SUSPICIOUS_MOVE = YES;
				CLANG_WARN_UNREACHABLE_CODE = YES;
				CLANG_WARN__DUPLICATE_METHOD_MATCH = YES;
				"CODE_SIGN_IDENTITY[sdk=iphoneos*]" = "iPhone Developer";
				COPY_PHASE_STRIP = NO;
				DEBUG_INFORMATION_FORMAT = dwarf;
				ENABLE_STRICT_OBJC_MSGSEND = YES;
				ENABLE_TESTABILITY = YES;
				GCC_C_LANGUAGE_STANDARD = gnu99;
				GCC_DYNAMIC_NO_PIC = NO;
				GCC_NO_COMMON_BLOCKS = YES;
				GCC_OPTIMIZATION_LEVEL = 0;
				GCC_PREPROCESSOR_DEFINITIONS = (
					"DEBUG=1",
					"$(inherited)",
				);
				GCC_WARN_64_TO_32_BIT_CONVERSION = YES;
				GCC_WARN_ABOUT_RETURN_TYPE = YES_ERROR;
				GCC_WARN_UNDECLARED_SELECTOR = YES;
				GCC_WARN_UNINITIALIZED_AUTOS = YES_AGGRESSIVE;
				GCC_WARN_UNUSED_FUNCTION = YES;
				GCC_WARN_UNUSED_VARIABLE = YES;
				IPHONEOS_DEPLOYMENT_TARGET = 10.3;
				MTL_ENABLE_DEBUG_INFO = YES;
				ONLY_ACTIVE_ARCH = YES;
				SDKROOT = iphoneos;
				SWIFT_ACTIVE_COMPILATION_CONDITIONS = DEBUG;
				SWIFT_OPTIMIZATION_LEVEL = "-Onone";
			};
			name = Debug;
		};
		18AFEEEA1F024D51004D1177 /* Release */ = {
			isa = XCBuildConfiguration;
			buildSettings = {
				ALWAYS_SEARCH_USER_PATHS = NO;
				CLANG_ANALYZER_NONNULL = YES;
				CLANG_ANALYZER_NUMBER_OBJECT_CONVERSION = YES_AGGRESSIVE;
				CLANG_CXX_LANGUAGE_STANDARD = "gnu++0x";
				CLANG_CXX_LIBRARY = "libc++";
				CLANG_ENABLE_MODULES = YES;
				CLANG_ENABLE_OBJC_ARC = YES;
				CLANG_WARN_BOOL_CONVERSION = YES;
				CLANG_WARN_CONSTANT_CONVERSION = YES;
				CLANG_WARN_DIRECT_OBJC_ISA_USAGE = YES_ERROR;
				CLANG_WARN_DOCUMENTATION_COMMENTS = YES;
				CLANG_WARN_EMPTY_BODY = YES;
				CLANG_WARN_ENUM_CONVERSION = YES;
				CLANG_WARN_INFINITE_RECURSION = YES;
				CLANG_WARN_INT_CONVERSION = YES;
				CLANG_WARN_OBJC_ROOT_CLASS = YES_ERROR;
				CLANG_WARN_SUSPICIOUS_MOVE = YES;
				CLANG_WARN_UNREACHABLE_CODE = YES;
				CLANG_WARN__DUPLICATE_METHOD_MATCH = YES;
				"CODE_SIGN_IDENTITY[sdk=iphoneos*]" = "iPhone Developer";
				COPY_PHASE_STRIP = NO;
				DEBUG_INFORMATION_FORMAT = "dwarf-with-dsym";
				ENABLE_NS_ASSERTIONS = NO;
				ENABLE_STRICT_OBJC_MSGSEND = YES;
				GCC_C_LANGUAGE_STANDARD = gnu99;
				GCC_NO_COMMON_BLOCKS = YES;
				GCC_WARN_64_TO_32_BIT_CONVERSION = YES;
				GCC_WARN_ABOUT_RETURN_TYPE = YES_ERROR;
				GCC_WARN_UNDECLARED_SELECTOR = YES;
				GCC_WARN_UNINITIALIZED_AUTOS = YES_AGGRESSIVE;
				GCC_WARN_UNUSED_FUNCTION = YES;
				GCC_WARN_UNUSED_VARIABLE = YES;
				IPHONEOS_DEPLOYMENT_TARGET = 10.3;
				MTL_ENABLE_DEBUG_INFO = NO;
				SDKROOT = iphoneos;
				SWIFT_OPTIMIZATION_LEVEL = "-Owholemodule";
				VALIDATE_PRODUCT = YES;
			};
			name = Release;
		};
		18AFEEEC1F024D51004D1177 /* Debug */ = {
			isa = XCBuildConfiguration;
			baseConfigurationReference = 13B8F1BFD2619B782106A781 /* Pods-HorizontalCalender.debug.xcconfig */;
			buildSettings = {
				ASSETCATALOG_COMPILER_APPICON_NAME = AppIcon;
				INFOPLIST_FILE = HorizontalCalender/Info.plist;
				LD_RUNPATH_SEARCH_PATHS = "$(inherited) @executable_path/Frameworks";
				PRODUCT_BUNDLE_IDENTIFIER = mkumar.HorizontalCalender;
				PRODUCT_NAME = "$(TARGET_NAME)";
				SWIFT_VERSION = 3.0;
			};
			name = Debug;
		};
		18AFEEED1F024D51004D1177 /* Release */ = {
			isa = XCBuildConfiguration;
			baseConfigurationReference = 896B5A815D4E2C23706C9354 /* Pods-HorizontalCalender.release.xcconfig */;
			buildSettings = {
				ASSETCATALOG_COMPILER_APPICON_NAME = AppIcon;
				INFOPLIST_FILE = HorizontalCalender/Info.plist;
				LD_RUNPATH_SEARCH_PATHS = "$(inherited) @executable_path/Frameworks";
				PRODUCT_BUNDLE_IDENTIFIER = mkumar.HorizontalCalender;
				PRODUCT_NAME = "$(TARGET_NAME)";
				SWIFT_VERSION = 3.0;
			};
			name = Release;
		};
/* End XCBuildConfiguration section */

/* Begin XCConfigurationList section */
		18AFEED41F024D51004D1177 /* Build configuration list for PBXProject "HorizontalCalender" */ = {
			isa = XCConfigurationList;
			buildConfigurations = (
				18AFEEE91F024D51004D1177 /* Debug */,
				18AFEEEA1F024D51004D1177 /* Release */,
			);
			defaultConfigurationIsVisible = 0;
			defaultConfigurationName = Release;
		};
		18AFEEEB1F024D51004D1177 /* Build configuration list for PBXNativeTarget "HorizontalCalender" */ = {
			isa = XCConfigurationList;
			buildConfigurations = (
				18AFEEEC1F024D51004D1177 /* Debug */,
				18AFEEED1F024D51004D1177 /* Release */,
			);
			defaultConfigurationIsVisible = 0;
			defaultConfigurationName = Release;
		};
/* End XCConfigurationList section */
	};
	rootObject = 18AFEED11F024D51004D1177 /* Project object */;
}
